// !$*UTF8*$!
{
	archiveVersion = 1;
	classes = {
	};
	objectVersion = 50;
	objects = {

/* Begin PBXBuildFile section */
		1E1663022279978B00BB5957 /* Company.swift in Sources */ = {isa = PBXBuildFile; fileRef = 1E1663012279978B00BB5957 /* Company.swift */; };
		1E16630422799CAA00BB5957 /* CreateCompanyController.swift in Sources */ = {isa = PBXBuildFile; fileRef = 1E16630322799CAA00BB5957 /* CreateCompanyController.swift */; };
		1E24B5832298539C00C66690 /* IndentedLabel.swift in Sources */ = {isa = PBXBuildFile; fileRef = 1E24B5822298539C00C66690 /* IndentedLabel.swift */; };
		1E44E1DC22789176003B4413 /* AppDelegate.swift in Sources */ = {isa = PBXBuildFile; fileRef = 1E44E1DB22789176003B4413 /* AppDelegate.swift */; };
		1E44E1DE22789176003B4413 /* CompaniesController.swift in Sources */ = {isa = PBXBuildFile; fileRef = 1E44E1DD22789176003B4413 /* CompaniesController.swift */; };
		1E44E1E322789177003B4413 /* Assets.xcassets in Resources */ = {isa = PBXBuildFile; fileRef = 1E44E1E222789177003B4413 /* Assets.xcassets */; };
		1E44E1E622789177003B4413 /* LaunchScreen.storyboard in Resources */ = {isa = PBXBuildFile; fileRef = 1E44E1E422789177003B4413 /* LaunchScreen.storyboard */; };
		1E44E1EE227896CB003B4413 /* CustomNavigationController.swift in Sources */ = {isa = PBXBuildFile; fileRef = 1E44E1ED227896CB003B4413 /* CustomNavigationController.swift */; };
		1E44E1F02278A56D003B4413 /* CustomColors.swift in Sources */ = {isa = PBXBuildFile; fileRef = 1E44E1EF2278A56D003B4413 /* CustomColors.swift */; };
		1E6AF22A229C076A004BECB3 /* EmployeeType.swift in Sources */ = {isa = PBXBuildFile; fileRef = 1E6AF229229C076A004BECB3 /* EmployeeType.swift */; };
		1E89A4812279E0B200D43C45 /* CoreDataModels.xcdatamodeld in Sources */ = {isa = PBXBuildFile; fileRef = 1E89A47F2279E0B200D43C45 /* CoreDataModels.xcdatamodeld */; };
		1E89A4832279F64900D43C45 /* CoreDataManager.swift in Sources */ = {isa = PBXBuildFile; fileRef = 1E89A4822279F64900D43C45 /* CoreDataManager.swift */; };
		1EA0A0C8229444C80087F61B /* EmployeesController.swift in Sources */ = {isa = PBXBuildFile; fileRef = 1EA0A0C7229444C80087F61B /* EmployeesController.swift */; };
		1EA0A0CB229449EB0087F61B /* UIViewController+Helpers.swift in Sources */ = {isa = PBXBuildFile; fileRef = 1EA0A0CA229449EB0087F61B /* UIViewController+Helpers.swift */; };
		1EA0A0CD22944AB80087F61B /* CreateEmployeeController.swift in Sources */ = {isa = PBXBuildFile; fileRef = 1EA0A0CC22944AB80087F61B /* CreateEmployeeController.swift */; };
		1EB0B3D622941D1A00319E27 /* CompanyCell.swift in Sources */ = {isa = PBXBuildFile; fileRef = 1EB0B3D522941D1A00319E27 /* CompanyCell.swift */; };
		1EB0B3D922942FE500319E27 /* CompaniesController+CreateCompany.swift in Sources */ = {isa = PBXBuildFile; fileRef = 1EB0B3D822942FE500319E27 /* CompaniesController+CreateCompany.swift */; };
		1EB0B3DB2294342E00319E27 /* CompaniesController+UITableView.swift in Sources */ = {isa = PBXBuildFile; fileRef = 1EB0B3DA2294342E00319E27 /* CompaniesController+UITableView.swift */; };
/* End PBXBuildFile section */

/* Begin PBXFileReference section */
		1E1663012279978B00BB5957 /* Company.swift */ = {isa = PBXFileReference; lastKnownFileType = sourcecode.swift; path = Company.swift; sourceTree = "<group>"; };
		1E16630322799CAA00BB5957 /* CreateCompanyController.swift */ = {isa = PBXFileReference; lastKnownFileType = sourcecode.swift; path = CreateCompanyController.swift; sourceTree = "<group>"; };
		1E24B5822298539C00C66690 /* IndentedLabel.swift */ = {isa = PBXFileReference; lastKnownFileType = sourcecode.swift; path = IndentedLabel.swift; sourceTree = "<group>"; };
		1E44E1D822789176003B4413 /* Core Data Course.app */ = {isa = PBXFileReference; explicitFileType = wrapper.application; includeInIndex = 0; path = "Core Data Course.app"; sourceTree = BUILT_PRODUCTS_DIR; };
		1E44E1DB22789176003B4413 /* AppDelegate.swift */ = {isa = PBXFileReference; lastKnownFileType = sourcecode.swift; path = AppDelegate.swift; sourceTree = "<group>"; };
		1E44E1DD22789176003B4413 /* CompaniesController.swift */ = {isa = PBXFileReference; lastKnownFileType = sourcecode.swift; path = CompaniesController.swift; sourceTree = "<group>"; };
		1E44E1E222789177003B4413 /* Assets.xcassets */ = {isa = PBXFileReference; lastKnownFileType = folder.assetcatalog; path = Assets.xcassets; sourceTree = "<group>"; };
		1E44E1E522789177003B4413 /* Base */ = {isa = PBXFileReference; lastKnownFileType = file.storyboard; name = Base; path = Base.lproj/LaunchScreen.storyboard; sourceTree = "<group>"; };
		1E44E1E722789177003B4413 /* Info.plist */ = {isa = PBXFileReference; lastKnownFileType = text.plist.xml; path = Info.plist; sourceTree = "<group>"; };
		1E44E1ED227896CB003B4413 /* CustomNavigationController.swift */ = {isa = PBXFileReference; lastKnownFileType = sourcecode.swift; path = CustomNavigationController.swift; sourceTree = "<group>"; };
		1E44E1EF2278A56D003B4413 /* CustomColors.swift */ = {isa = PBXFileReference; lastKnownFileType = sourcecode.swift; path = CustomColors.swift; sourceTree = "<group>"; };
		1E6AF229229C076A004BECB3 /* EmployeeType.swift */ = {isa = PBXFileReference; lastKnownFileType = sourcecode.swift; path = EmployeeType.swift; sourceTree = "<group>"; };
		1E89A4802279E0B200D43C45 /* CoreDataModels.xcdatamodel */ = {isa = PBXFileReference; lastKnownFileType = wrapper.xcdatamodel; path = CoreDataModels.xcdatamodel; sourceTree = "<group>"; };
		1E89A4822279F64900D43C45 /* CoreDataManager.swift */ = {isa = PBXFileReference; lastKnownFileType = sourcecode.swift; path = CoreDataManager.swift; sourceTree = "<group>"; };
		1EA0A0C7229444C80087F61B /* EmployeesController.swift */ = {isa = PBXFileReference; lastKnownFileType = sourcecode.swift; path = EmployeesController.swift; sourceTree = "<group>"; };
		1EA0A0CA229449EB0087F61B /* UIViewController+Helpers.swift */ = {isa = PBXFileReference; lastKnownFileType = sourcecode.swift; path = "UIViewController+Helpers.swift"; sourceTree = "<group>"; };
		1EA0A0CC22944AB80087F61B /* CreateEmployeeController.swift */ = {isa = PBXFileReference; lastKnownFileType = sourcecode.swift; path = CreateEmployeeController.swift; sourceTree = "<group>"; };
		1EB0B3D522941D1A00319E27 /* CompanyCell.swift */ = {isa = PBXFileReference; lastKnownFileType = sourcecode.swift; path = CompanyCell.swift; sourceTree = "<group>"; };
		1EB0B3D822942FE500319E27 /* CompaniesController+CreateCompany.swift */ = {isa = PBXFileReference; lastKnownFileType = sourcecode.swift; path = "CompaniesController+CreateCompany.swift"; sourceTree = "<group>"; };
		1EB0B3DA2294342E00319E27 /* CompaniesController+UITableView.swift */ = {isa = PBXFileReference; lastKnownFileType = sourcecode.swift; path = "CompaniesController+UITableView.swift"; sourceTree = "<group>"; };
/* End PBXFileReference section */

/* Begin PBXFrameworksBuildPhase section */
		1E44E1D522789176003B4413 /* Frameworks */ = {
			isa = PBXFrameworksBuildPhase;
			buildActionMask = 2147483647;
			files = (
			);
			runOnlyForDeploymentPostprocessing = 0;
		};
/* End PBXFrameworksBuildPhase section */

/* Begin PBXGroup section */
		1E44E1CF22789176003B4413 = {
			isa = PBXGroup;
			children = (
				1E44E1DA22789176003B4413 /* Core Data Course */,
				1E44E1D922789176003B4413 /* Products */,
			);
			sourceTree = "<group>";
		};
		1E44E1D922789176003B4413 /* Products */ = {
			isa = PBXGroup;
			children = (
				1E44E1D822789176003B4413 /* Core Data Course.app */,
			);
			name = Products;
			sourceTree = "<group>";
		};
		1E44E1DA22789176003B4413 /* Core Data Course */ = {
			isa = PBXGroup;
			children = (
				1EA0A0C9229447050087F61B /* Helpers */,
				1EB0B3D722941E7700319E27 /* Companies */,
				1E44E1DB22789176003B4413 /* AppDelegate.swift */,
				1E44E1E222789177003B4413 /* Assets.xcassets */,
				1E44E1E422789177003B4413 /* LaunchScreen.storyboard */,
				1E44E1E722789177003B4413 /* Info.plist */,
				1E1663012279978B00BB5957 /* Company.swift */,
				1E44E1ED227896CB003B4413 /* CustomNavigationController.swift */,
				1E44E1EF2278A56D003B4413 /* CustomColors.swift */,
				1E89A4822279F64900D43C45 /* CoreDataManager.swift */,
				1E89A47F2279E0B200D43C45 /* CoreDataModels.xcdatamodeld */,
			);
			path = "Core Data Course";
			sourceTree = "<group>";
		};
		1EA0A0C9229447050087F61B /* Helpers */ = {
			isa = PBXGroup;
			children = (
				1EA0A0CA229449EB0087F61B /* UIViewController+Helpers.swift */,
				1E24B5822298539C00C66690 /* IndentedLabel.swift */,
			);
			path = Helpers;
			sourceTree = "<group>";
		};
		1EA0A0CE229464940087F61B /* Employees */ = {
			isa = PBXGroup;
			children = (
				1EA0A0CC22944AB80087F61B /* CreateEmployeeController.swift */,
				1EA0A0C7229444C80087F61B /* EmployeesController.swift */,
				1E6AF229229C076A004BECB3 /* EmployeeType.swift */,
			);
			path = Employees;
			sourceTree = "<group>";
		};
		1EB0B3D722941E7700319E27 /* Companies */ = {
			isa = PBXGroup;
			children = (
				1E16630322799CAA00BB5957 /* CreateCompanyController.swift */,
				1E44E1DD22789176003B4413 /* CompaniesController.swift */,
				1EB0B3D522941D1A00319E27 /* CompanyCell.swift */,
				1EB0B3DA2294342E00319E27 /* CompaniesController+UITableView.swift */,
				1EB0B3D822942FE500319E27 /* CompaniesController+CreateCompany.swift */,
				1EA0A0CE229464940087F61B /* Employees */,
			);
			path = Companies;
			sourceTree = "<group>";
		};
/* End PBXGroup section */

/* Begin PBXNativeTarget section */
		1E44E1D722789176003B4413 /* Core Data Course */ = {
			isa = PBXNativeTarget;
			buildConfigurationList = 1E44E1EA22789177003B4413 /* Build configuration list for PBXNativeTarget "Core Data Course" */;
			buildPhases = (
				1E44E1D422789176003B4413 /* Sources */,
				1E44E1D522789176003B4413 /* Frameworks */,
				1E44E1D622789176003B4413 /* Resources */,
			);
			buildRules = (
			);
			dependencies = (
			);
			name = "Core Data Course";
			productName = "Core Data Course";
			productReference = 1E44E1D822789176003B4413 /* Core Data Course.app */;
			productType = "com.apple.product-type.application";
		};
/* End PBXNativeTarget section */

/* Begin PBXProject section */
		1E44E1D022789176003B4413 /* Project object */ = {
			isa = PBXProject;
			attributes = {
				LastSwiftUpdateCheck = 1020;
				LastUpgradeCheck = 1020;
				ORGANIZATIONNAME = "Alexander Cooper";
				TargetAttributes = {
					1E44E1D722789176003B4413 = {
						CreatedOnToolsVersion = 10.2.1;
					};
				};
			};
			buildConfigurationList = 1E44E1D322789176003B4413 /* Build configuration list for PBXProject "Core Data Course" */;
			compatibilityVersion = "Xcode 9.3";
			developmentRegion = en;
			hasScannedForEncodings = 0;
			knownRegions = (
				en,
				Base,
			);
			mainGroup = 1E44E1CF22789176003B4413;
			productRefGroup = 1E44E1D922789176003B4413 /* Products */;
			projectDirPath = "";
			projectRoot = "";
			targets = (
				1E44E1D722789176003B4413 /* Core Data Course */,
			);
		};
/* End PBXProject section */

/* Begin PBXResourcesBuildPhase section */
		1E44E1D622789176003B4413 /* Resources */ = {
			isa = PBXResourcesBuildPhase;
			buildActionMask = 2147483647;
			files = (
				1E44E1E622789177003B4413 /* LaunchScreen.storyboard in Resources */,
				1E44E1E322789177003B4413 /* Assets.xcassets in Resources */,
			);
			runOnlyForDeploymentPostprocessing = 0;
		};
/* End PBXResourcesBuildPhase section */

/* Begin PBXSourcesBuildPhase section */
		1E44E1D422789176003B4413 /* Sources */ = {
			isa = PBXSourcesBuildPhase;
			buildActionMask = 2147483647;
			files = (
				1E24B5832298539C00C66690 /* IndentedLabel.swift in Sources */,
				1E44E1EE227896CB003B4413 /* CustomNavigationController.swift in Sources */,
				1EA0A0CD22944AB80087F61B /* CreateEmployeeController.swift in Sources */,
				1EB0B3DB2294342E00319E27 /* CompaniesController+UITableView.swift in Sources */,
				1E44E1DE22789176003B4413 /* CompaniesController.swift in Sources */,
				1E44E1F02278A56D003B4413 /* CustomColors.swift in Sources */,
				1E89A4812279E0B200D43C45 /* CoreDataModels.xcdatamodeld in Sources */,
				1EB0B3D622941D1A00319E27 /* CompanyCell.swift in Sources */,
				1E1663022279978B00BB5957 /* Company.swift in Sources */,
				1EA0A0C8229444C80087F61B /* EmployeesController.swift in Sources */,
				1E44E1DC22789176003B4413 /* AppDelegate.swift in Sources */,
				1E89A4832279F64900D43C45 /* CoreDataManager.swift in Sources */,
				1E16630422799CAA00BB5957 /* CreateCompanyController.swift in Sources */,
				1EB0B3D922942FE500319E27 /* CompaniesController+CreateCompany.swift in Sources */,
				1EA0A0CB229449EB0087F61B /* UIViewController+Helpers.swift in Sources */,
				1E6AF22A229C076A004BECB3 /* EmployeeType.swift in Sources */,
			);
			runOnlyForDeploymentPostprocessing = 0;
		};
/* End PBXSourcesBuildPhase section */

/* Begin PBXVariantGroup section */
		1E44E1E422789177003B4413 /* LaunchScreen.storyboard */ = {
			isa = PBXVariantGroup;
			children = (
				1E44E1E522789177003B4413 /* Base */,
			);
			name = LaunchScreen.storyboard;
			sourceTree = "<group>";
		};
/* End PBXVariantGroup section */

/* Begin XCBuildConfiguration section */
		1E44E1E822789177003B4413 /* Debug */ = {
			isa = XCBuildConfiguration;
			buildSettings = {
				ALWAYS_SEARCH_USER_PATHS = NO;
				CLANG_ANALYZER_NONNULL = YES;
				CLANG_ANALYZER_NUMBER_OBJECT_CONVERSION = YES_AGGRESSIVE;
				CLANG_CXX_LANGUAGE_STANDARD = "gnu++14";
				CLANG_CXX_LIBRARY = "libc++";
				CLANG_ENABLE_MODULES = YES;
				CLANG_ENABLE_OBJC_ARC = YES;
				CLANG_ENABLE_OBJC_WEAK = YES;
				CLANG_WARN_BLOCK_CAPTURE_AUTORELEASING = YES;
				CLANG_WARN_BOOL_CONVERSION = YES;
				CLANG_WARN_COMMA = YES;
				CLANG_WARN_CONSTANT_CONVERSION = YES;
				CLANG_WARN_DEPRECATED_OBJC_IMPLEMENTATIONS = YES;
				CLANG_WARN_DIRECT_OBJC_ISA_USAGE = YES_ERROR;
				CLANG_WARN_DOCUMENTATION_COMMENTS = YES;
				CLANG_WARN_EMPTY_BODY = YES;
				CLANG_WARN_ENUM_CONVERSION = YES;
				CLANG_WARN_INFINITE_RECURSION = YES;
				CLANG_WARN_INT_CONVERSION = YES;
				CLANG_WARN_NON_LITERAL_NULL_CONVERSION = YES;
				CLANG_WARN_OBJC_IMPLICIT_RETAIN_SELF = YES;
				CLANG_WARN_OBJC_LITERAL_CONVERSION = YES;
				CLANG_WARN_OBJC_ROOT_CLASS = YES_ERROR;
				CLANG_WARN_RANGE_LOOP_ANALYSIS = YES;
				CLANG_WARN_STRICT_PROTOTYPES = YES;
				CLANG_WARN_SUSPICIOUS_MOVE = YES;
				CLANG_WARN_UNGUARDED_AVAILABILITY = YES_AGGRESSIVE;
				CLANG_WARN_UNREACHABLE_CODE = YES;
				CLANG_WARN__DUPLICATE_METHOD_MATCH = YES;
				CODE_SIGN_IDENTITY = "iPhone Developer";
				COPY_PHASE_STRIP = NO;
				DEBUG_INFORMATION_FORMAT = dwarf;
				ENABLE_STRICT_OBJC_MSGSEND = YES;
				ENABLE_TESTABILITY = YES;
				GCC_C_LANGUAGE_STANDARD = gnu11;
				GCC_DYNAMIC_NO_PIC = NO;
				GCC_NO_COMMON_BLOCKS = YES;
				GCC_OPTIMIZATION_LEVEL = 0;
				GCC_PREPROCESSOR_DEFINITIONS = (
					"DEBUG=1",
					"$(inherited)",
				);
				GCC_WARN_64_TO_32_BIT_CONVERSION = YES;
				GCC_WARN_ABOUT_RETURN_TYPE = YES_ERROR;
				GCC_WARN_UNDECLARED_SELECTOR = YES;
				GCC_WARN_UNINITIALIZED_AUTOS = YES_AGGRESSIVE;
				GCC_WARN_UNUSED_FUNCTION = YES;
				GCC_WARN_UNUSED_VARIABLE = YES;
				IPHONEOS_DEPLOYMENT_TARGET = 12.2;
				MTL_ENABLE_DEBUG_INFO = INCLUDE_SOURCE;
				MTL_FAST_MATH = YES;
				ONLY_ACTIVE_ARCH = YES;
				SDKROOT = iphoneos;
				SWIFT_ACTIVE_COMPILATION_CONDITIONS = DEBUG;
				SWIFT_OPTIMIZATION_LEVEL = "-Onone";
			};
			name = Debug;
		};
		1E44E1E922789177003B4413 /* Release */ = {
			isa = XCBuildConfiguration;
			buildSettings = {
				ALWAYS_SEARCH_USER_PATHS = NO;
				CLANG_ANALYZER_NONNULL = YES;
				CLANG_ANALYZER_NUMBER_OBJECT_CONVERSION = YES_AGGRESSIVE;
				CLANG_CXX_LANGUAGE_STANDARD = "gnu++14";
				CLANG_CXX_LIBRARY = "libc++";
				CLANG_ENABLE_MODULES = YES;
				CLANG_ENABLE_OBJC_ARC = YES;
				CLANG_ENABLE_OBJC_WEAK = YES;
				CLANG_WARN_BLOCK_CAPTURE_AUTORELEASING = YES;
				CLANG_WARN_BOOL_CONVERSION = YES;
				CLANG_WARN_COMMA = YES;
				CLANG_WARN_CONSTANT_CONVERSION = YES;
				CLANG_WARN_DEPRECATED_OBJC_IMPLEMENTATIONS = YES;
				CLANG_WARN_DIRECT_OBJC_ISA_USAGE = YES_ERROR;
				CLANG_WARN_DOCUMENTATION_COMMENTS = YES;
				CLANG_WARN_EMPTY_BODY = YES;
				CLANG_WARN_ENUM_CONVERSION = YES;
				CLANG_WARN_INFINITE_RECURSION = YES;
				CLANG_WARN_INT_CONVERSION = YES;
				CLANG_WARN_NON_LITERAL_NULL_CONVERSION = YES;
				CLANG_WARN_OBJC_IMPLICIT_RETAIN_SELF = YES;
				CLANG_WARN_OBJC_LITERAL_CONVERSION = YES;
				CLANG_WARN_OBJC_ROOT_CLASS = YES_ERROR;
				CLANG_WARN_RANGE_LOOP_ANALYSIS = YES;
				CLANG_WARN_STRICT_PROTOTYPES = YES;
				CLANG_WARN_SUSPICIOUS_MOVE = YES;
				CLANG_WARN_UNGUARDED_AVAILABILITY = YES_AGGRESSIVE;
				CLANG_WARN_UNREACHABLE_CODE = YES;
				CLANG_WARN__DUPLICATE_METHOD_MATCH = YES;
				CODE_SIGN_IDENTITY = "iPhone Developer";
				COPY_PHASE_STRIP = NO;
				DEBUG_INFORMATION_FORMAT = "dwarf-with-dsym";
				ENABLE_NS_ASSERTIONS = NO;
				ENABLE_STRICT_OBJC_MSGSEND = YES;
				GCC_C_LANGUAGE_STANDARD = gnu11;
				GCC_NO_COMMON_BLOCKS = YES;
				GCC_WARN_64_TO_32_BIT_CONVERSION = YES;
				GCC_WARN_ABOUT_RETURN_TYPE = YES_ERROR;
				GCC_WARN_UNDECLARED_SELECTOR = YES;
				GCC_WARN_UNINITIALIZED_AUTOS = YES_AGGRESSIVE;
				GCC_WARN_UNUSED_FUNCTION = YES;
				GCC_WARN_UNUSED_VARIABLE = YES;
				IPHONEOS_DEPLOYMENT_TARGET = 12.2;
				MTL_ENABLE_DEBUG_INFO = NO;
				MTL_FAST_MATH = YES;
				SDKROOT = iphoneos;
				SWIFT_COMPILATION_MODE = wholemodule;
				SWIFT_OPTIMIZATION_LEVEL = "-O";
				VALIDATE_PRODUCT = YES;
			};
			name = Release;
		};
		1E44E1EB22789177003B4413 /* Debug */ = {
			isa = XCBuildConfiguration;
			buildSettings = {
				ASSETCATALOG_COMPILER_APPICON_NAME = AppIcon;
				CODE_SIGN_STYLE = Automatic;
				DEVELOPMENT_TEAM = 7QL2BBMJJN;
				INFOPLIST_FILE = "Core Data Course/Info.plist";
				LD_RUNPATH_SEARCH_PATHS = (
					"$(inherited)",
					"@executable_path/Frameworks",
				);
				PRODUCT_BUNDLE_IDENTIFIER = "com.Rednaxela.Core-Data-Course";
				PRODUCT_NAME = "$(TARGET_NAME)";
				SWIFT_VERSION = 5.0;
				TARGETED_DEVICE_FAMILY = "1,2";
			};
			name = Debug;
		};
		1E44E1EC22789177003B4413 /* Release */ = {
			isa = XCBuildConfiguration;
			buildSettings = {
				ASSETCATALOG_COMPILER_APPICON_NAME = AppIcon;
				CODE_SIGN_STYLE = Automatic;
				DEVELOPMENT_TEAM = 7QL2BBMJJN;
				INFOPLIST_FILE = "Core Data Course/Info.plist";
				LD_RUNPATH_SEARCH_PATHS = (
					"$(inherited)",
					"@executable_path/Frameworks",
				);
				PRODUCT_BUNDLE_IDENTIFIER = "com.Rednaxela.Core-Data-Course";
				PRODUCT_NAME = "$(TARGET_NAME)";
				SWIFT_VERSION = 5.0;
				TARGETED_DEVICE_FAMILY = "1,2";
			};
			name = Release;
		};
/* End XCBuildConfiguration section */

/* Begin XCConfigurationList section */
		1E44E1D322789176003B4413 /* Build configuration list for PBXProject "Core Data Course" */ = {
			isa = XCConfigurationList;
			buildConfigurations = (
				1E44E1E822789177003B4413 /* Debug */,
				1E44E1E922789177003B4413 /* Release */,
			);
			defaultConfigurationIsVisible = 0;
			defaultConfigurationName = Release;
		};
		1E44E1EA22789177003B4413 /* Build configuration list for PBXNativeTarget "Core Data Course" */ = {
			isa = XCConfigurationList;
			buildConfigurations = (
				1E44E1EB22789177003B4413 /* Debug */,
				1E44E1EC22789177003B4413 /* Release */,
			);
			defaultConfigurationIsVisible = 0;
			defaultConfigurationName = Release;
		};
/* End XCConfigurationList section */

/* Begin XCVersionGroup section */
		1E89A47F2279E0B200D43C45 /* CoreDataModels.xcdatamodeld */ = {
			isa = XCVersionGroup;
			children = (
				1E89A4802279E0B200D43C45 /* CoreDataModels.xcdatamodel */,
			);
			currentVersion = 1E89A4802279E0B200D43C45 /* CoreDataModels.xcdatamodel */;
			path = CoreDataModels.xcdatamodeld;
			sourceTree = "<group>";
			versionGroupType = wrapper.xcdatamodel;
		};
/* End XCVersionGroup section */
	};
	rootObject = 1E44E1D022789176003B4413 /* Project object */;
}
